{
    "_readme": [
        "This file locks the dependencies of your project to a known state",
        "Read more about it at https://getcomposer.org/doc/01-basic-usage.md#installing-dependencies",
        "This file is @generated automatically"
    ],
    "content-hash": "f7457da6b9299e2cf1da3ea29f50a814",
    "packages": [
        {
            "name": "tcwei/config",
            "version": "v2.0",
            "source": {
                "type": "git",
                "url": "https://github.com/ITzhiwei/Config.git",
                "reference": "c12bb8e75348214c622029742fd3cf74cb3f3eeb"
            },
            "dist": {
                "type": "zip",
                "url": "https://api.github.com/repos/ITzhiwei/Config/zipball/c12bb8e75348214c622029742fd3cf74cb3f3eeb",
                "reference": "c12bb8e75348214c622029742fd3cf74cb3f3eeb",
                "shasum": ""
            },
            "type": "library",
            "autoload": {
                "psr-4": {
                    "tcwei\\configClass\\": "configClass/"
                }
            },
            "notification-url": "https://packagist.org/downloads/",
            "license": [
                "MIT"
            ],
            "authors": [
                {
                    "name": "zhiwei",
                    "email": "2394599321@qq.com"
                }
            ],
            "description": "配置类，实现读取任意配置目录下的配置，支持多级获取",
            "time": "2020-06-28T06:27:48+00:00"
        },
        {
            "name": "tcwei/db",
            "version": "v1.0",
            "source": {
                "type": "git",
                "url": "https://github.com/ITzhiwei/mysql.git",
                "reference": "fd28cd3fa6b5e316b0489793fa0da059233ddc76"
            },
            "dist": {
                "type": "zip",
                "url": "https://api.github.com/repos/ITzhiwei/mysql/zipball/fd28cd3fa6b5e316b0489793fa0da059233ddc76",
                "reference": "fd28cd3fa6b5e316b0489793fa0da059233ddc76",
                "shasum": ""
            },
            "require": {
                "php": ">=5.6.0",
                "tcwei/config": "^2.0"
            },
            "type": "library",
            "autoload": {
                "psr-4": {
                    "tcwei\\Db\\": "src/"
                }
            },
            "notification-url": "https://packagist.org/downloads/",
            "license": [
                "MIT"
            ],
            "authors": [
                {
                    "name": "zhiwei",
                    "email": "2394599321@qq.com"
                }
            ],
            "description": "mysql 数据库操作；安全：全程预处理模式防SQL注入，自动添加反引号防表字段与关键词冲突；支持主从分布，支持配置参数保存；",
            "time": "2020-06-26T16:31:53+00:00"
        },
        {
            "name": "tcwei/page",
            "version": "v3.0",
            "source": {
                "type": "git",
                "url": "https://github.com/ITzhiwei/page.git",
                "reference": "0affbbed767d99e19031f24f590f64da1d752999"
            },
            "dist": {
                "type": "zip",
                "url": "https://api.github.com/repos/ITzhiwei/page/zipball/0affbbed767d99e19031f24f590f64da1d752999",
                "reference": "0affbbed767d99e19031f24f590f64da1d752999",
                "shasum": ""
            },
            "type": "library",
            "autoload": {
                "psr-4": {
                    "tcwei\\smallTools\\": "src/"
                }
            },
            "notification-url": "https://packagist.org/downloads/",
            "license": [
                "MIT"
            ],
            "authors": [
                {
                    "name": "zhiwei",
                    "email": "2394599321@qq.com"
                }
            ],
            "description": "PHP 分页 ，支持ajax模式和普通跳转模式，内置4种分页样式，也可前端自定义样式。通过参数可控制其中的部件是否显示。",
            "time": "2020-06-26T14:26:13+00:00"
        }
    ],
    "packages-dev": [],
    "aliases": [],
    "minimum-stability": "stable",
    "stability-flags": [],
    "prefer-stable": false,
    "prefer-lowest": false,
    "platform": [],
    "platform-dev": []
}
