{
    "_readme": [
        "This file locks the dependencies of your project to a known state",
        "Read more about it at https://getcomposer.org/doc/01-basic-usage.md#installing-dependencies",
        "This file is @generated automatically"
    ],
    "content-hash": "5d3f2d3a7c3c1869f4e53d3e4324f3da",
    "packages": [
        {
            "name": "lipowei/config",
            "version": "v1.0",
            "source": {
                "type": "git",
                "url": "https://github.com/ITzhiwei/Config.git",
                "reference": "150b5ec7500840cc63c79e42135b682cb112e6a7"
            },
            "dist": {
                "type": "zip",
                "url": "https://api.github.com/repos/ITzhiwei/Config/zipball/150b5ec7500840cc63c79e42135b682cb112e6a7",
                "reference": "150b5ec7500840cc63c79e42135b682cb112e6a7",
                "shasum": "",
                "mirrors": [
                    {
                        "url": "https://mirrors.aliyun.com/composer/dists/%package%/%reference%.%type%",
                        "preferred": true
                    }
                ]
            },
            "type": "library",
            "autoload": {
                "psr-4": {
                    "lipowei\\configClass\\": "configClass/"
                }
            },
            "notification-url": "https://packagist.org/downloads/",
            "license": [
                "MIT"
            ],
            "authors": [
                {
                    "name": "wuzhiwei",
                    "email": "2394599321@qq.com"
                }
            ],
            "description": "实现读取任意配置目录下的配置，支持多级获取，使用方法看下面",
            "time": "2019-08-08T16:23:58+00:00"
        },
        {
            "name": "lipowei/db",
            "version": "1.3",
            "source": {
                "type": "git",
                "url": "https://github.com/ITzhiwei/mysql.git",
                "reference": "1eb834544d3540d43362628f3006fa714993e6cf"
            },
            "dist": {
                "type": "zip",
                "url": "https://api.github.com/repos/ITzhiwei/mysql/zipball/1eb834544d3540d43362628f3006fa714993e6cf",
                "reference": "1eb834544d3540d43362628f3006fa714993e6cf",
                "shasum": "",
                "mirrors": [
                    {
                        "url": "https://mirrors.aliyun.com/composer/dists/%package%/%reference%.%type%",
                        "preferred": true
                    }
                ]
            },
            "require": {
                "lipowei/config": "^1.0",
                "php": ">=5.6.0"
            },
            "type": "library",
            "autoload": {
                "psr-4": {
                    "lipowei\\Db\\": "src/"
                }
            },
            "notification-url": "https://packagist.org/downloads/",
            "license": [
                "MIT"
            ],
            "authors": [
                {
                    "name": "zhiwei",
                    "email": "2394599321@qq.com"
                }
            ],
            "description": "mysql 数据库操作；安全：全程预处理模式防SQL注入，自动添加反引号防表字段与关键词冲突；支持主从分布，支持配置参数保存；",
            "time": "2020-02-10T06:41:44+00:00"
        }
    ],
    "packages-dev": [],
    "aliases": [],
    "minimum-stability": "stable",
    "stability-flags": [],
    "prefer-stable": false,
    "prefer-lowest": false,
    "platform": [],
    "platform-dev": []
}
